
Microsoft Visual Studio Solution File, Format Version 12.00
# Visual Studio Version 16
VisualStudioVersion = 16.0.31005.135
MinimumVisualStudioVersion = 10.0.40219.1
Project("{8BC9CEB8-8B4A-11D0-8D11-00A0C91BC942}") = "TopDownWaveSim", "TopDownWaveSim\TopDownWaveSim.vcxproj", "{45CCDA41-2CB2-43BB-B836-4E1FEAD00BAD}"
EndProject
Global
	GlobalSection(SolutionConfigurationPlatforms) = preSolution
		Debug|x64 = Debug|x64
		Debug|x86 = Debug|x86
		Release|x64 = Release|x64
		Release|x86 = Release|x86
	EndGlobalSection
	GlobalSection(ProjectConfigurationPlatforms) = postSolution
		{45CCDA41-2CB2-43BB-B836-4E1FEAD00BAD}.Debug|x64.ActiveCfg = Debug|x64
		{45CCDA41-2CB2-43BB-B836-4E1FEAD00BAD}.Debug|x64.Build.0 = Debug|x64
		{45CCDA41-2CB2-43BB-B836-4E1FEAD00BAD}.Debug|x86.ActiveCfg = Debug|Win32
		{45CCDA41-2CB2-43BB-B836-4E1FEAD00BAD}.Debug|x86.Build.0 = Debug|Win32
		{45CCDA41-2CB2-43BB-B836-4E1FEAD00BAD}.Release|x64.ActiveCfg = Release|x64
		{45CCDA41-2CB2-43BB-B836-4E1FEAD00BAD}.Release|x64.Build.0 = Release|x64
		{45CCDA41-2CB2-43BB-B836-4E1FEAD00BAD}.Release|x86.ActiveCfg = Release|Win32
		{45CCDA41-2CB2-43BB-B836-4E1FEAD00BAD}.Release|x86.Build.0 = Release|Win32
	EndGlobalSection
	GlobalSection(SolutionProperties) = preSolution
		HideSolutionNode = FALSE
	EndGlobalSection
	GlobalSection(ExtensibilityGlobals) = postSolution
		SolutionGuid = {F67686DF-E6C1-4E45-9E04-4D1B25CD2138}
	EndGlobalSection
EndGlobal
